# THIS IS AN AUTOGENERATED FILE. DO NOT EDIT THIS FILE DIRECTLY.
# yarn lockfile v1


"@aws-crypto/crc32@3.0.0":
  version "3.0.0"
  resolved "https://registry.yarnpkg.com/@aws-crypto/crc32/-/crc32-3.0.0.tgz#07300eca214409c33e3ff769cd5697b57fdd38fa"
  integrity sha512-IzSgsrxUcsrejQbPVilIKy16kAT52EwB6zSaI+M3xxIhKh5+aldEyvI+z6erM7TCLB2BJsFrtHjp6/4/sr+3dA==
  dependencies:
    "@aws-crypto/util" "^3.0.0"
    "@aws-sdk/types" "^3.222.0"
    tslib "^1.11.1"

"@aws-crypto/ie11-detection@^3.0.0":
  version "3.0.0"
  resolved "https://registry.yarnpkg.com/@aws-crypto/ie11-detection/-/ie11-detection-3.0.0.tgz#640ae66b4ec3395cee6a8e94ebcd9f80c24cd688"
  integrity sha512-341lBBkiY1DfDNKai/wXM3aujNBkXR7tq1URPQDL9wi3AUbI80NR74uF1TXHMm7po1AcnFk8iu2S2IeU/+/A+Q==
  dependencies:
    tslib "^1.11.1"

"@aws-crypto/sha256-browser@3.0.0":
  version "3.0.0"
  resolved "https://registry.yarnpkg.com/@aws-crypto/sha256-browser/-/sha256-browser-3.0.0.tgz#05f160138ab893f1c6ba5be57cfd108f05827766"
  integrity sha512-8VLmW2B+gjFbU5uMeqtQM6Nj0/F1bro80xQXCW6CQBWgosFWXTx77aeOF5CAIAmbOK64SdMBJdNr6J41yP5mvQ==
  dependencies:
    "@aws-crypto/ie11-detection" "^3.0.0"
    "@aws-crypto/sha256-js" "^3.0.0"
    "@aws-crypto/supports-web-crypto" "^3.0.0"
    "@aws-crypto/util" "^3.0.0"
    "@aws-sdk/types" "^3.222.0"
    "@aws-sdk/util-locate-window" "^3.0.0"
    "@aws-sdk/util-utf8-browser" "^3.0.0"
    tslib "^1.11.1"

"@aws-crypto/sha256-js@3.0.0", "@aws-crypto/sha256-js@^3.0.0":
  version "3.0.0"
  resolved "https://registry.yarnpkg.com/@aws-crypto/sha256-js/-/sha256-js-3.0.0.tgz#f06b84d550d25521e60d2a0e2a90139341e007c2"
  integrity sha512-PnNN7os0+yd1XvXAy23CFOmTbMaDxgxXtTKHybrJ39Y8kGzBATgBFibWJKH6BhytLI/Zyszs87xCOBNyBig6vQ==
  dependencies:
    "@aws-crypto/util" "^3.0.0"
    "@aws-sdk/types" "^3.222.0"
    tslib "^1.11.1"

"@aws-crypto/supports-web-crypto@^3.0.0":
  version "3.0.0"
  resolved "https://registry.yarnpkg.com/@aws-crypto/supports-web-crypto/-/supports-web-crypto-3.0.0.tgz#5d1bf825afa8072af2717c3e455f35cda0103ec2"
  integrity sha512-06hBdMwUAb2WFTuGG73LSC0wfPu93xWwo5vL2et9eymgmu3Id5vFAHBbajVWiGhPO37qcsdCap/FqXvJGJWPIg==
  dependencies:
    tslib "^1.11.1"

"@aws-crypto/util@^3.0.0":
  version "3.0.0"
  resolved "https://registry.yarnpkg.com/@aws-crypto/util/-/util-3.0.0.tgz#1c7ca90c29293f0883468ad48117937f0fe5bfb0"
  integrity sha512-2OJlpeJpCR48CC8r+uKVChzs9Iungj9wkZrl8Z041DWEWvyIHILYKCPNzJghKsivj+S3mLo6BVc7mBNzdxA46w==
  dependencies:
    "@aws-sdk/types" "^3.222.0"
    "@aws-sdk/util-utf8-browser" "^3.0.0"
    tslib "^1.11.1"

"@aws-sdk/client-redshift-data@^3.405.0":
  version "3.409.0"
  resolved "https://registry.yarnpkg.com/@aws-sdk/client-redshift-data/-/client-redshift-data-3.409.0.tgz#f9e17401f151c9fd71c4d5c43b656b05d5c7ceef"
  integrity sha512-CQMq+2fc87i66B3xKqM2GYkjxtrqz219cSoOWxr/nBdmW/OjHdRCilYXoY/ZRmqXJiSg7lILX6FM8dsqoFLpzg==
  dependencies:
    "@aws-crypto/sha256-browser" "3.0.0"
    "@aws-crypto/sha256-js" "3.0.0"
    "@aws-sdk/client-sts" "3.409.0"
    "@aws-sdk/credential-provider-node" "3.409.0"
    "@aws-sdk/middleware-host-header" "3.408.0"
    "@aws-sdk/middleware-logger" "3.408.0"
    "@aws-sdk/middleware-recursion-detection" "3.408.0"
    "@aws-sdk/middleware-signing" "3.408.0"
    "@aws-sdk/middleware-user-agent" "3.408.0"
    "@aws-sdk/types" "3.408.0"
    "@aws-sdk/util-endpoints" "3.408.0"
    "@aws-sdk/util-user-agent-browser" "3.408.0"
    "@aws-sdk/util-user-agent-node" "3.408.0"
    "@smithy/config-resolver" "^2.0.5"
    "@smithy/fetch-http-handler" "^2.0.5"
    "@smithy/hash-node" "^2.0.5"
    "@smithy/invalid-dependency" "^2.0.5"
    "@smithy/middleware-content-length" "^2.0.5"
    "@smithy/middleware-endpoint" "^2.0.5"
    "@smithy/middleware-retry" "^2.0.5"
    "@smithy/middleware-serde" "^2.0.5"
    "@smithy/middleware-stack" "^2.0.0"
    "@smithy/node-config-provider" "^2.0.6"
    "@smithy/node-http-handler" "^2.0.5"
    "@smithy/protocol-http" "^2.0.5"
    "@smithy/smithy-client" "^2.0.5"
    "@smithy/types" "^2.2.2"
    "@smithy/url-parser" "^2.0.5"
    "@smithy/util-base64" "^2.0.0"
    "@smithy/util-body-length-browser" "^2.0.0"
    "@smithy/util-body-length-node" "^2.1.0"
    "@smithy/util-defaults-mode-browser" "^2.0.6"
    "@smithy/util-defaults-mode-node" "^2.0.6"
    "@smithy/util-retry" "^2.0.0"
    "@smithy/util-utf8" "^2.0.0"
    tslib "^2.5.0"
    uuid "^8.3.2"

"@aws-sdk/client-sso@3.409.0":
  version "3.409.0"
  resolved "https://registry.yarnpkg.com/@aws-sdk/client-sso/-/client-sso-3.409.0.tgz#7f6085ca23f465968eff9ff3bf57ba09bc5e883e"
  integrity sha512-vlXcIzcmUhObuEJ6q3lsp1ZHeDeD9bUrG3dmdSTeII4U6A9imgvaXONWI9GFEUsgzCrrCxtCqBX2RqMfZDhylw==
  dependencies:
    "@aws-crypto/sha256-browser" "3.0.0"
    "@aws-crypto/sha256-js" "3.0.0"
    "@aws-sdk/middleware-host-header" "3.408.0"
    "@aws-sdk/middleware-logger" "3.408.0"
    "@aws-sdk/middleware-recursion-detection" "3.408.0"
    "@aws-sdk/middleware-user-agent" "3.408.0"
    "@aws-sdk/types" "3.408.0"
    "@aws-sdk/util-endpoints" "3.408.0"
    "@aws-sdk/util-user-agent-browser" "3.408.0"
    "@aws-sdk/util-user-agent-node" "3.408.0"
    "@smithy/config-resolver" "^2.0.5"
    "@smithy/fetch-http-handler" "^2.0.5"
    "@smithy/hash-node" "^2.0.5"
    "@smithy/invalid-dependency" "^2.0.5"
    "@smithy/middleware-content-length" "^2.0.5"
    "@smithy/middleware-endpoint" "^2.0.5"
    "@smithy/middleware-retry" "^2.0.5"
    "@smithy/middleware-serde" "^2.0.5"
    "@smithy/middleware-stack" "^2.0.0"
    "@smithy/node-config-provider" "^2.0.6"
    "@smithy/node-http-handler" "^2.0.5"
    "@smithy/protocol-http" "^2.0.5"
    "@smithy/smithy-client" "^2.0.5"
    "@smithy/types" "^2.2.2"
    "@smithy/url-parser" "^2.0.5"
    "@smithy/util-base64" "^2.0.0"
    "@smithy/util-body-length-browser" "^2.0.0"
    "@smithy/util-body-length-node" "^2.1.0"
    "@smithy/util-defaults-mode-browser" "^2.0.6"
    "@smithy/util-defaults-mode-node" "^2.0.6"
    "@smithy/util-retry" "^2.0.0"
    "@smithy/util-utf8" "^2.0.0"
    tslib "^2.5.0"

"@aws-sdk/client-sts@3.409.0":
  version "3.409.0"
  resolved "https://registry.yarnpkg.com/@aws-sdk/client-sts/-/client-sts-3.409.0.tgz#f4be41dd8ae06ca98e6ab6c94e18bb7fb6a2f8e4"
  integrity sha512-yNL9zYWDVIOWZhIlsy2tiHetSYvio5ZVJ3nvR4xWPTwqOQveZx/K0PTK+nh6T6w5R3w5IOSKvd+vPCpY4bGx8Q==
  dependencies:
    "@aws-crypto/sha256-browser" "3.0.0"
    "@aws-crypto/sha256-js" "3.0.0"
    "@aws-sdk/credential-provider-node" "3.409.0"
    "@aws-sdk/middleware-host-header" "3.408.0"
    "@aws-sdk/middleware-logger" "3.408.0"
    "@aws-sdk/middleware-recursion-detection" "3.408.0"
    "@aws-sdk/middleware-sdk-sts" "3.408.0"
    "@aws-sdk/middleware-signing" "3.408.0"
    "@aws-sdk/middleware-user-agent" "3.408.0"
    "@aws-sdk/types" "3.408.0"
    "@aws-sdk/util-endpoints" "3.408.0"
    "@aws-sdk/util-user-agent-browser" "3.408.0"
    "@aws-sdk/util-user-agent-node" "3.408.0"
    "@smithy/config-resolver" "^2.0.5"
    "@smithy/fetch-http-handler" "^2.0.5"
    "@smithy/hash-node" "^2.0.5"
    "@smithy/invalid-dependency" "^2.0.5"
    "@smithy/middleware-content-length" "^2.0.5"
    "@smithy/middleware-endpoint" "^2.0.5"
    "@smithy/middleware-retry" "^2.0.5"
    "@smithy/middleware-serde" "^2.0.5"
    "@smithy/middleware-stack" "^2.0.0"
    "@smithy/node-config-provider" "^2.0.6"
    "@smithy/node-http-handler" "^2.0.5"
    "@smithy/protocol-http" "^2.0.5"
    "@smithy/smithy-client" "^2.0.5"
    "@smithy/types" "^2.2.2"
    "@smithy/url-parser" "^2.0.5"
    "@smithy/util-base64" "^2.0.0"
    "@smithy/util-body-length-browser" "^2.0.0"
    "@smithy/util-body-length-node" "^2.1.0"
    "@smithy/util-defaults-mode-browser" "^2.0.6"
    "@smithy/util-defaults-mode-node" "^2.0.6"
    "@smithy/util-retry" "^2.0.0"
    "@smithy/util-utf8" "^2.0.0"
    fast-xml-parser "4.2.5"
    tslib "^2.5.0"

"@aws-sdk/credential-provider-env@3.408.0":
  version "3.408.0"
  resolved "https://registry.yarnpkg.com/@aws-sdk/credential-provider-env/-/credential-provider-env-3.408.0.tgz#199a793e5477e30417f6be9f82aa0262ba96328e"
  integrity sha512-GCpgHEHxRTzKaMkwDC2gLb3xlD+ZxhKPUJ1DVcO7I9E3eCGJsYVedIi0/2XE+NP+HVoy8LyW2qH8QQWh64JKow==
  dependencies:
    "@aws-sdk/types" "3.408.0"
    "@smithy/property-provider" "^2.0.0"
    "@smithy/types" "^2.2.2"
    tslib "^2.5.0"

"@aws-sdk/credential-provider-ini@3.409.0":
  version "3.409.0"
  resolved "https://registry.yarnpkg.com/@aws-sdk/credential-provider-ini/-/credential-provider-ini-3.409.0.tgz#5d7596e5a3669767fbe52fd756989cb6f0f435dd"
  integrity sha512-Z7hb0Kj0FuqD5HimDrtt0LRjKBHA5pvLcTYYdVorJovaBxEvfDpISSDVRIUmvhMGAlv7XezbvqESOU5cn0Gpzw==
  dependencies:
    "@aws-sdk/credential-provider-env" "3.408.0"
    "@aws-sdk/credential-provider-process" "3.408.0"
    "@aws-sdk/credential-provider-sso" "3.409.0"
    "@aws-sdk/credential-provider-web-identity" "3.408.0"
    "@aws-sdk/types" "3.408.0"
    "@smithy/credential-provider-imds" "^2.0.0"
    "@smithy/property-provider" "^2.0.0"
    "@smithy/shared-ini-file-loader" "^2.0.6"
    "@smithy/types" "^2.2.2"
    tslib "^2.5.0"

"@aws-sdk/credential-provider-node@3.409.0":
  version "3.409.0"
  resolved "https://registry.yarnpkg.com/@aws-sdk/credential-provider-node/-/credential-provider-node-3.409.0.tgz#84ba57a60067c450daabda41ed909d1017cef657"
  integrity sha512-kXmfBVYnHoEAACo6zskEryDSgMSo1QYiv6P8n6Go/RsJHe4Ec+YtrOMLg3hTOptiIGHOTWZ1ANaU/IfIxmqumA==
  dependencies:
    "@aws-sdk/credential-provider-env" "3.408.0"
    "@aws-sdk/credential-provider-ini" "3.409.0"
    "@aws-sdk/credential-provider-process" "3.408.0"
    "@aws-sdk/credential-provider-sso" "3.409.0"
    "@aws-sdk/credential-provider-web-identity" "3.408.0"
    "@aws-sdk/types" "3.408.0"
    "@smithy/credential-provider-imds" "^2.0.0"
    "@smithy/property-provider" "^2.0.0"
    "@smithy/shared-ini-file-loader" "^2.0.6"
    "@smithy/types" "^2.2.2"
    tslib "^2.5.0"

"@aws-sdk/credential-provider-process@3.408.0":
  version "3.408.0"
  resolved "https://registry.yarnpkg.com/@aws-sdk/credential-provider-process/-/credential-provider-process-3.408.0.tgz#fbcf6571bc87e536b847e14c4c9ee1fdd6b81deb"
  integrity sha512-qCTf9tr6+I2s3+v5zP4YRQQrGlYw/jyZ7u/k6bGshhlvgwGPfjNuHrM8uK/W1kv4ng1myxaL1/tAY6RVVdXz4Q==
  dependencies:
    "@aws-sdk/types" "3.408.0"
    "@smithy/property-provider" "^2.0.0"
    "@smithy/shared-ini-file-loader" "^2.0.6"
    "@smithy/types" "^2.2.2"
    tslib "^2.5.0"

"@aws-sdk/credential-provider-sso@3.409.0":
  version "3.409.0"
  resolved "https://registry.yarnpkg.com/@aws-sdk/credential-provider-sso/-/credential-provider-sso-3.409.0.tgz#1c9115c6ca82d3810fda54b23e46aae49897bbbe"
  integrity sha512-Bh0ykbDpnUK4W8sQMEpRA/TlZxwpPLl4aU8eBLlbEcTL2M8or2nr0dQzOOvabZo8hbaPM6yfOl+vLTvWGs75zg==
  dependencies:
    "@aws-sdk/client-sso" "3.409.0"
    "@aws-sdk/token-providers" "3.408.0"
    "@aws-sdk/types" "3.408.0"
    "@smithy/property-provider" "^2.0.0"
    "@smithy/shared-ini-file-loader" "^2.0.6"
    "@smithy/types" "^2.2.2"
    tslib "^2.5.0"

"@aws-sdk/credential-provider-web-identity@3.408.0":
  version "3.408.0"
  resolved "https://registry.yarnpkg.com/@aws-sdk/credential-provider-web-identity/-/credential-provider-web-identity-3.408.0.tgz#2e38730a309b81527d23c3d435ea5ab1a3f73688"
  integrity sha512-5FbDPF/zY/1t6k1zRI/HnrxcH2v7SwsEYu2SThI2qbzaP/K7MTnTanV5vNFcdQOpuQ7x3PrzTlH3AWZueCr3Vw==
  dependencies:
    "@aws-sdk/types" "3.408.0"
    "@smithy/property-provider" "^2.0.0"
    "@smithy/types" "^2.2.2"
    tslib "^2.5.0"

"@aws-sdk/middleware-host-header@3.408.0":
  version "3.408.0"
  resolved "https://registry.yarnpkg.com/@aws-sdk/middleware-host-header/-/middleware-host-header-3.408.0.tgz#7b84ce0336c7acd5bc1e82076ef95bde597d6edf"
  integrity sha512-eofCXuSZ+ntbLzeCRdHzraXzgWqAplXU7W2qFFVC4O9lZBhADwNPI8n8x98TH0mftnmvZxh5Bo5U8WvEolIDkw==
  dependencies:
    "@aws-sdk/types" "3.408.0"
    "@smithy/protocol-http" "^2.0.5"
    "@smithy/types" "^2.2.2"
    tslib "^2.5.0"

"@aws-sdk/middleware-logger@3.408.0":
  version "3.408.0"
  resolved "https://registry.yarnpkg.com/@aws-sdk/middleware-logger/-/middleware-logger-3.408.0.tgz#6c745f352ba95284ee78a397368c7dc79378da43"
  integrity sha512-otwXPCubsGRFv8Hb6nKw6Vvnu4dC8CcPk05buStj42nF8QdjWrKGb2rDCvLph5lr576LF5HN+Y2moyOi7z/I7g==
  dependencies:
    "@aws-sdk/types" "3.408.0"
    "@smithy/types" "^2.2.2"
    tslib "^2.5.0"

"@aws-sdk/middleware-recursion-detection@3.408.0":
  version "3.408.0"
  resolved "https://registry.yarnpkg.com/@aws-sdk/middleware-recursion-detection/-/middleware-recursion-detection-3.408.0.tgz#036fa1ee8b76d5a0947591590a7a3a867aea8cae"
  integrity sha512-QfZwmX5z0IRC2c8pBi9VozSqbJw19V5oxyykSTqdjGe3CG3yNujXObV6xQesK67CWSnPb9wDgVGKUoYuIXwOxw==
  dependencies:
    "@aws-sdk/types" "3.408.0"
    "@smithy/protocol-http" "^2.0.5"
    "@smithy/types" "^2.2.2"
    tslib "^2.5.0"

"@aws-sdk/middleware-sdk-sts@3.408.0":
  version "3.408.0"
  resolved "https://registry.yarnpkg.com/@aws-sdk/middleware-sdk-sts/-/middleware-sdk-sts-3.408.0.tgz#812deff5fa8388cda6d6908452d6223b059232f9"
  integrity sha512-dIO9BTX049P2PwaeAK2lxJeA2rZi9/bWzMP1GIE60VrMDHmN5Ljvh1lLActECLAqNQIqN5Ub0bKV2tC/jMn+CA==
  dependencies:
    "@aws-sdk/middleware-signing" "3.408.0"
    "@aws-sdk/types" "3.408.0"
    "@smithy/types" "^2.2.2"
    tslib "^2.5.0"

"@aws-sdk/middleware-signing@3.408.0":
  version "3.408.0"
  resolved "https://registry.yarnpkg.com/@aws-sdk/middleware-signing/-/middleware-signing-3.408.0.tgz#89bb56abf5cbddaa9b04026c74362765918b6ff2"
  integrity sha512-flLiLKATJ4NLcLb7lPojyQ6NvLSyQ3axqIClqwMRnhSRxvREB7OgBKwmPecSl0I5JxsNEqo+mjARdMjUHadgWQ==
  dependencies:
    "@aws-sdk/types" "3.408.0"
    "@smithy/property-provider" "^2.0.0"
    "@smithy/protocol-http" "^2.0.5"
    "@smithy/signature-v4" "^2.0.0"
    "@smithy/types" "^2.2.2"
    "@smithy/util-middleware" "^2.0.0"
    tslib "^2.5.0"

"@aws-sdk/middleware-user-agent@3.408.0":
  version "3.408.0"
  resolved "https://registry.yarnpkg.com/@aws-sdk/middleware-user-agent/-/middleware-user-agent-3.408.0.tgz#c1909be2ce2c350273747923c4791a2d37bb0af8"
  integrity sha512-UvlKri8/Mgf5W+tFU6ZJ65fC6HljcysIqfRFts/8Wurl322IS1I4j+pyjV2P6eK1054bzynfi3Trv+tRYHtVcA==
  dependencies:
    "@aws-sdk/types" "3.408.0"
    "@aws-sdk/util-endpoints" "3.408.0"
    "@smithy/protocol-http" "^2.0.5"
    "@smithy/types" "^2.2.2"
    tslib "^2.5.0"

"@aws-sdk/token-providers@3.408.0":
  version "3.408.0"
  resolved "https://registry.yarnpkg.com/@aws-sdk/token-providers/-/token-providers-3.408.0.tgz#1de7fbbe25b8526ee7f3eebac26f581e3488a5d3"
  integrity sha512-D//BjUrVtDzDdCz1mRdZZSAc822fh75Ssq46smeS6S6NKq3vJeHhfrQJMyVU1GclXu1tn9AwykaQW5Jwb5im+g==
  dependencies:
    "@aws-crypto/sha256-browser" "3.0.0"
    "@aws-crypto/sha256-js" "3.0.0"
    "@aws-sdk/middleware-host-header" "3.408.0"
    "@aws-sdk/middleware-logger" "3.408.0"
    "@aws-sdk/middleware-recursion-detection" "3.408.0"
    "@aws-sdk/middleware-user-agent" "3.408.0"
    "@aws-sdk/types" "3.408.0"
    "@aws-sdk/util-endpoints" "3.408.0"
    "@aws-sdk/util-user-agent-browser" "3.408.0"
    "@aws-sdk/util-user-agent-node" "3.408.0"
    "@smithy/config-resolver" "^2.0.5"
    "@smithy/fetch-http-handler" "^2.0.5"
    "@smithy/hash-node" "^2.0.5"
    "@smithy/invalid-dependency" "^2.0.5"
    "@smithy/middleware-content-length" "^2.0.5"
    "@smithy/middleware-endpoint" "^2.0.5"
    "@smithy/middleware-retry" "^2.0.5"
    "@smithy/middleware-serde" "^2.0.5"
    "@smithy/middleware-stack" "^2.0.0"
    "@smithy/node-config-provider" "^2.0.6"
    "@smithy/node-http-handler" "^2.0.5"
    "@smithy/property-provider" "^2.0.0"
    "@smithy/protocol-http" "^2.0.5"
    "@smithy/shared-ini-file-loader" "^2.0.6"
    "@smithy/smithy-client" "^2.0.5"
    "@smithy/types" "^2.2.2"
    "@smithy/url-parser" "^2.0.5"
    "@smithy/util-base64" "^2.0.0"
    "@smithy/util-body-length-browser" "^2.0.0"
    "@smithy/util-body-length-node" "^2.1.0"
    "@smithy/util-defaults-mode-browser" "^2.0.6"
    "@smithy/util-defaults-mode-node" "^2.0.6"
    "@smithy/util-retry" "^2.0.0"
    "@smithy/util-utf8" "^2.0.0"
    tslib "^2.5.0"

"@aws-sdk/types@3.408.0", "@aws-sdk/types@^3.222.0":
  version "3.408.0"
  resolved "https://registry.yarnpkg.com/@aws-sdk/types/-/types-3.408.0.tgz#eb10377130f23aef6594eb0e0a14e82dfa2e4d5a"
  integrity sha512-sIsR5224xWQTW7O6h4V0S7DMWs4bK4DCunwOo7Avpq7ZVmH2YyLTs0n4NGL186j8xTosycF1ACQgpM48SLIvaA==
  dependencies:
    "@smithy/types" "^2.2.2"
    tslib "^2.5.0"

"@aws-sdk/util-endpoints@3.408.0":
  version "3.408.0"
  resolved "https://registry.yarnpkg.com/@aws-sdk/util-endpoints/-/util-endpoints-3.408.0.tgz#397c6d9236434063127301f9c4d2117bdb978621"
  integrity sha512-N1D5cKEkCqf5Q7IF/pI9kfcNrT+/5ctZ6cQo4Ex6xaOcnUzdOZcXdPqaMRZVZRn8enjK2SpoLlRpXGISOugPaw==
  dependencies:
    "@aws-sdk/types" "3.408.0"
    tslib "^2.5.0"

"@aws-sdk/util-locate-window@^3.0.0":
  version "3.310.0"
  resolved "https://registry.yarnpkg.com/@aws-sdk/util-locate-window/-/util-locate-window-3.310.0.tgz#b071baf050301adee89051032bd4139bba32cc40"
  integrity sha512-qo2t/vBTnoXpjKxlsC2e1gBrRm80M3bId27r0BRB2VniSSe7bL1mmzM+/HFtujm0iAxtPM+aLEflLJlJeDPg0w==
  dependencies:
    tslib "^2.5.0"

"@aws-sdk/util-user-agent-browser@3.408.0":
  version "3.408.0"
  resolved "https://registry.yarnpkg.com/@aws-sdk/util-user-agent-browser/-/util-user-agent-browser-3.408.0.tgz#60b9660d4eb8c7ee9b3dc941436f1a025cc62567"
  integrity sha512-wOVjDprG5h6kM8aJZk/tRX/RgxNxr73d6kIsUePlAgil13q62M9lcFMcIXduqtDsa1B6FfVB2wx/pyUuOZri5g==
  dependencies:
    "@aws-sdk/types" "3.408.0"
    "@smithy/types" "^2.2.2"
    bowser "^2.11.0"
    tslib "^2.5.0"

"@aws-sdk/util-user-agent-node@3.408.0":
  version "3.408.0"
  resolved "https://registry.yarnpkg.com/@aws-sdk/util-user-agent-node/-/util-user-agent-node-3.408.0.tgz#2976414ed440d0a338b1ec6373a220ae71c08cab"
  integrity sha512-BzMFV+cIXrtfcfJk3GpXnkANFkzZisvAtD306TMgIscn5FF26K1jD5DU+h5Q5WMq7gx+oXh9kJ3Lu3hi7hahKQ==
  dependencies:
    "@aws-sdk/types" "3.408.0"
    "@smithy/node-config-provider" "^2.0.6"
    "@smithy/types" "^2.2.2"
    tslib "^2.5.0"

"@aws-sdk/util-utf8-browser@^3.0.0":
  version "3.259.0"
  resolved "https://registry.yarnpkg.com/@aws-sdk/util-utf8-browser/-/util-utf8-browser-3.259.0.tgz#3275a6f5eb334f96ca76635b961d3c50259fd9ff"
  integrity sha512-UvFa/vR+e19XookZF8RzFZBrw2EUkQWxiBW0yYQAhvk3C+QVGl0H3ouca8LDBlBfQKXwmW3huo/59H8rwb1wJw==
  dependencies:
    tslib "^2.3.1"

"@smithy/abort-controller@^2.0.6":
  version "2.0.6"
  resolved "https://registry.yarnpkg.com/@smithy/abort-controller/-/abort-controller-2.0.6.tgz#8d17bb447aa33a43e4d57f98f9dc23560158b6b8"
  integrity sha512-4I7g0lyGUlW2onf8mD76IzU37oRWSHsQ5zlW5MjDzgg4I4J9bOK4500Gx6qOuoN7+GulAnGLe1YwyrIluzhakg==
  dependencies:
    "@smithy/types" "^2.3.0"
    tslib "^2.5.0"

"@smithy/config-resolver@^2.0.5", "@smithy/config-resolver@^2.0.7":
  version "2.0.7"
  resolved "https://registry.yarnpkg.com/@smithy/config-resolver/-/config-resolver-2.0.7.tgz#bfa7de9b19922a071a2b26766bcb116e4becbc77"
  integrity sha512-J4J1AWiqaApC+3I9U++SuxAQ3BOoM5VoYnpFzCZcb63aLF80Zpc/nq2pFR1OsEIYyg2UYNdcBKKfHABmwo4WgQ==
  dependencies:
    "@smithy/node-config-provider" "^2.0.9"
    "@smithy/types" "^2.3.0"
    "@smithy/util-config-provider" "^2.0.0"
    "@smithy/util-middleware" "^2.0.0"
    tslib "^2.5.0"

"@smithy/credential-provider-imds@^2.0.0", "@smithy/credential-provider-imds@^2.0.9":
  version "2.0.9"
  resolved "https://registry.yarnpkg.com/@smithy/credential-provider-imds/-/credential-provider-imds-2.0.9.tgz#f98a941c0b7211e9320a20d5c064d6489c61f6d8"
  integrity sha512-K7WZRkHS5HZofRgK+O8W4YXXyaVexU1K6hp9vlUL/8CsnrFbZS9quyH/6hTROrYh2PuJr24yii1kc83NJdxMGQ==
  dependencies:
    "@smithy/node-config-provider" "^2.0.9"
    "@smithy/property-provider" "^2.0.7"
    "@smithy/types" "^2.3.0"
    "@smithy/url-parser" "^2.0.6"
    tslib "^2.5.0"

"@smithy/eventstream-codec@^2.0.6":
  version "2.0.6"
  resolved "https://registry.yarnpkg.com/@smithy/eventstream-codec/-/eventstream-codec-2.0.6.tgz#1ea033e977b58a59ff4b00cf7c899d1ca0c7f81a"
  integrity sha512-J9xL82mlYRUMXFnB9VaThXkD7z2JLr52FIVZMoQQ1dxZG5ub+NOGmzaTTZC/cMmKXI/nwCoFuwDWCTjwQhYhQA==
  dependencies:
    "@aws-crypto/crc32" "3.0.0"
    "@smithy/types" "^2.3.0"
    "@smithy/util-hex-encoding" "^2.0.0"
    tslib "^2.5.0"

"@smithy/fetch-http-handler@^2.0.5", "@smithy/fetch-http-handler@^2.1.2":
  version "2.1.2"
  resolved "https://registry.yarnpkg.com/@smithy/fetch-http-handler/-/fetch-http-handler-2.1.2.tgz#626a4202cc82f4d04fc80424917dd34e204ab8c7"
  integrity sha512-3Gm3pQm4viUPU+e7KkRScS9t5phBxSNRS8rQSZ+HeCwK/busrX0/2HJZiwLvGblqPqi1laJB0lD18AdiOioJww==
  dependencies:
    "@smithy/protocol-http" "^3.0.2"
    "@smithy/querystring-builder" "^2.0.6"
    "@smithy/types" "^2.3.0"
    "@smithy/util-base64" "^2.0.0"
    tslib "^2.5.0"

"@smithy/hash-node@^2.0.5":
  version "2.0.6"
  resolved "https://registry.yarnpkg.com/@smithy/hash-node/-/hash-node-2.0.6.tgz#d13af02d3adb010e0c321035b610d53af2e652ef"
  integrity sha512-xz7fzFxSzxohKGGyKPbLReRrY01JOZgRDHIXSks3PxQxG9c8PJMa5nUw0stH8UOySUgkofmMy0n7vTUsF5Mdqg==
  dependencies:
    "@smithy/types" "^2.3.0"
    "@smithy/util-buffer-from" "^2.0.0"
    "@smithy/util-utf8" "^2.0.0"
    tslib "^2.5.0"

"@smithy/invalid-dependency@^2.0.5":
  version "2.0.6"
  resolved "https://registry.yarnpkg.com/@smithy/invalid-dependency/-/invalid-dependency-2.0.6.tgz#9230517c5a9f5bafee3bf89e9c548801a2681a99"
  integrity sha512-L5MUyl9mzawIvBxr0Hg3J/Q5qZFXKcBgMk0PacfK3Mthp4WAR6h7iMxdSQ23Q7X/kxOrpZuoYEdh1BWLKbDc8Q==
  dependencies:
    "@smithy/types" "^2.3.0"
    tslib "^2.5.0"

"@smithy/is-array-buffer@^2.0.0":
  version "2.0.0"
  resolved "https://registry.yarnpkg.com/@smithy/is-array-buffer/-/is-array-buffer-2.0.0.tgz#8fa9b8040651e7ba0b2f6106e636a91354ff7d34"
  integrity sha512-z3PjFjMyZNI98JFRJi/U0nGoLWMSJlDjAW4QUX2WNZLas5C0CmVV6LJ01JI0k90l7FvpmixjWxPFmENSClQ7ug==
  dependencies:
    tslib "^2.5.0"

"@smithy/middleware-content-length@^2.0.5":
  version "2.0.8"
  resolved "https://registry.yarnpkg.com/@smithy/middleware-content-length/-/middleware-content-length-2.0.8.tgz#ee2c6614580fea918bae6411cfbcd48ee4af342b"
  integrity sha512-fHJFsscHXrYhUSWMFJNXfsZW8KsyhWQfBgU3b0nvDfpm+NAeQLqKYNhywGrDwZQc1k+lt7Fw9faAquhNPxTZRA==
  dependencies:
    "@smithy/protocol-http" "^3.0.2"
    "@smithy/types" "^2.3.0"
    tslib "^2.5.0"

"@smithy/middleware-endpoint@^2.0.5":
  version "2.0.6"
  resolved "https://registry.yarnpkg.com/@smithy/middleware-endpoint/-/middleware-endpoint-2.0.6.tgz#b2350fcf63cd69a595b0f42e9718e1ac5144220e"
  integrity sha512-MuSPPtEHFal/M77tR3ffLsdOfX29IZpA990nGuoPj5zQnAYrA4PYBGoqqrASQKm8Xb3C0NwuYzOATT7WX4f5Pg==
  dependencies:
    "@smithy/middleware-serde" "^2.0.6"
    "@smithy/types" "^2.3.0"
    "@smithy/url-parser" "^2.0.6"
    "@smithy/util-middleware" "^2.0.0"
    tslib "^2.5.0"

"@smithy/middleware-retry@^2.0.5":
  version "2.0.9"
  resolved "https://registry.yarnpkg.com/@smithy/middleware-retry/-/middleware-retry-2.0.9.tgz#4a8dc376b516fb10558da5b5be5e759aa3106140"
  integrity sha512-gneEqWj4l/ZjHdZPk0BFMXoTalRArdQ8i579/KqJgBAc6Ux5vnR/SSppkMCkj2kOQYwdypvzSPeqEW3ZrvIg6g==
  dependencies:
    "@smithy/node-config-provider" "^2.0.9"
    "@smithy/protocol-http" "^3.0.2"
    "@smithy/service-error-classification" "^2.0.0"
    "@smithy/types" "^2.3.0"
    "@smithy/util-middleware" "^2.0.0"
    "@smithy/util-retry" "^2.0.0"
    tslib "^2.5.0"
    uuid "^8.3.2"

"@smithy/middleware-serde@^2.0.5", "@smithy/middleware-serde@^2.0.6":
  version "2.0.6"
  resolved "https://registry.yarnpkg.com/@smithy/middleware-serde/-/middleware-serde-2.0.6.tgz#cd2ed49fc22b998f3bbbd28b53a72a26d3dd08fb"
  integrity sha512-8/GODBngYbrS28CMZtaHIL4R9rLNSQ/zgb+N1OAZ02NwBUawlnLDcatve9YRzhJC/IWz0/pt+WimJZaO1sGcig==
  dependencies:
    "@smithy/types" "^2.3.0"
    tslib "^2.5.0"

"@smithy/middleware-stack@^2.0.0":
  version "2.0.0"
  resolved "https://registry.yarnpkg.com/@smithy/middleware-stack/-/middleware-stack-2.0.0.tgz#cd9f442c2788b1ef0ea6b32236d80c76b3c342e9"
  integrity sha512-31XC1xNF65nlbc16yuh3wwTudmqs6qy4EseQUGF8A/p2m/5wdd/cnXJqpniy/XvXVwkHPz/GwV36HqzHtIKATQ==
  dependencies:
    tslib "^2.5.0"

"@smithy/node-config-provider@^2.0.6", "@smithy/node-config-provider@^2.0.9":
  version "2.0.9"
  resolved "https://registry.yarnpkg.com/@smithy/node-config-provider/-/node-config-provider-2.0.9.tgz#f2c3f8354e1260cde8c7ebda898f4531e06a4369"
  integrity sha512-TlSPbCwtT/jgNnmPQqKuCR5CFN8UIrCCHRrgUfs3NqRMuaLLeP8TPe1fSKq2J8h1M/jd4BF853gneles0gWevg==
  dependencies:
    "@smithy/property-provider" "^2.0.7"
    "@smithy/shared-ini-file-loader" "^2.0.8"
    "@smithy/types" "^2.3.0"
    tslib "^2.5.0"

"@smithy/node-http-handler@^2.0.5", "@smithy/node-http-handler@^2.1.2":
  version "2.1.2"
  resolved "https://registry.yarnpkg.com/@smithy/node-http-handler/-/node-http-handler-2.1.2.tgz#704100dded1cb94db3f72fbdf841fc59614c4614"
  integrity sha512-PdEEDCShuM8zxGoaRxmGB/1ikB8oeqz+ZAF9VIA8FCP3E59j8zDTF+wCELoWd1Y6gtxr+RcTAg5sA8nvn5qH/w==
  dependencies:
    "@smithy/abort-controller" "^2.0.6"
    "@smithy/protocol-http" "^3.0.2"
    "@smithy/querystring-builder" "^2.0.6"
    "@smithy/types" "^2.3.0"
    tslib "^2.5.0"

"@smithy/property-provider@^2.0.0", "@smithy/property-provider@^2.0.7":
  version "2.0.7"
  resolved "https://registry.yarnpkg.com/@smithy/property-provider/-/property-provider-2.0.7.tgz#4b7b780477909026d2fdaef29f0ce5c258f89681"
  integrity sha512-XT8Tl7YNxM8tCtGqy7v7DSf6PxyXaPE9cdA/Yj4dEw2b05V3RrPqsP+t5XJiZu0yIsQ7pdeYZWv2sSEWVjNeAg==
  dependencies:
    "@smithy/types" "^2.3.0"
    tslib "^2.5.0"

"@smithy/protocol-http@^2.0.5":
  version "2.0.5"
  resolved "https://registry.yarnpkg.com/@smithy/protocol-http/-/protocol-http-2.0.5.tgz#ff7779fc8fcd3fe52e71fd07565b518f0937e8ba"
  integrity sha512-d2hhHj34mA2V86doiDfrsy2fNTnUOowGaf9hKb0hIPHqvcnShU4/OSc4Uf1FwHkAdYF3cFXTrj5VGUYbEuvMdw==
  dependencies:
    "@smithy/types" "^2.2.2"
    tslib "^2.5.0"

"@smithy/protocol-http@^3.0.2":
  version "3.0.2"
  resolved "https://registry.yarnpkg.com/@smithy/protocol-http/-/protocol-http-3.0.2.tgz#06e76dbac488e95f0b0fc2bc2820aa732aafef14"
  integrity sha512-LUOWCPRihvJBkdSs+ivK9m1f/rMfF3n9Zpzg8qdry2eIG4HQqqLBMWQyF9bgk7JhsrrOa3//jJKhXzvL7wL5Xw==
  dependencies:
    "@smithy/types" "^2.3.0"
    tslib "^2.5.0"

"@smithy/querystring-builder@^2.0.6":
  version "2.0.6"
  resolved "https://registry.yarnpkg.com/@smithy/querystring-builder/-/querystring-builder-2.0.6.tgz#6fd9f86dbfe27e0e71e5569768a2b5d599f44119"
  integrity sha512-HnU00shCGoV8vKJZTiNBkNvR9NogU3NIUaVMAGJPSqNGJj3psWo+TUrC0BVCDcwiCljXwXCFGJqIcsWtClrktQ==
  dependencies:
    "@smithy/types" "^2.3.0"
    "@smithy/util-uri-escape" "^2.0.0"
    tslib "^2.5.0"

"@smithy/querystring-parser@^2.0.6":
  version "2.0.6"
  resolved "https://registry.yarnpkg.com/@smithy/querystring-parser/-/querystring-parser-2.0.6.tgz#0b4fc7ec5fe5371113fcb1116216daf2d7e2c3ff"
  integrity sha512-i4LKoXHP7pTFAPjLIJyQXYOhWokbcFha3WWsX74sAKmuluv0XM2cxONZoFxwEzmWhsNyM6buSwJSZXyPiec0AQ==
  dependencies:
    "@smithy/types" "^2.3.0"
    tslib "^2.5.0"

"@smithy/service-error-classification@^2.0.0":
  version "2.0.0"
  resolved "https://registry.yarnpkg.com/@smithy/service-error-classification/-/service-error-classification-2.0.0.tgz#bbce07c9c529d9333d40db881fd4a1795dd84892"
  integrity sha512-2z5Nafy1O0cTf69wKyNjGW/sNVMiqDnb4jgwfMG8ye8KnFJ5qmJpDccwIbJNhXIfbsxTg9SEec2oe1cexhMJvw==

"@smithy/shared-ini-file-loader@^2.0.6", "@smithy/shared-ini-file-loader@^2.0.8":
  version "2.0.8"
  resolved "https://registry.yarnpkg.com/@smithy/shared-ini-file-loader/-/shared-ini-file-loader-2.0.8.tgz#1346eea02ad574a2520ce72ad0a6629a08691e97"
  integrity sha512-4u+V+Dv7JGpJ0tppB5rxCem7WhdFux950z4cGPhV0kHTPkKe8DDgINzOlVa2RBu5dI33D02OBJcxFjhW4FPORg==
  dependencies:
    "@smithy/types" "^2.3.0"
    tslib "^2.5.0"

"@smithy/signature-v4@^2.0.0":
  version "2.0.6"
  resolved "https://registry.yarnpkg.com/@smithy/signature-v4/-/signature-v4-2.0.6.tgz#bd0ec98149dfc97e91e227411091e371248309ae"
  integrity sha512-4zNTi8w4sky07YKq7oYucZt4ogY00IEaS1NFDXxmCN5V/ywE0WiK+WMim+8wtYQmB0qy3oExZR4LoCAml6j/rA==
  dependencies:
    "@smithy/eventstream-codec" "^2.0.6"
    "@smithy/is-array-buffer" "^2.0.0"
    "@smithy/types" "^2.3.0"
    "@smithy/util-hex-encoding" "^2.0.0"
    "@smithy/util-middleware" "^2.0.0"
    "@smithy/util-uri-escape" "^2.0.0"
    "@smithy/util-utf8" "^2.0.0"
    tslib "^2.5.0"

"@smithy/smithy-client@^2.0.5":
  version "2.1.3"
  resolved "https://registry.yarnpkg.com/@smithy/smithy-client/-/smithy-client-2.1.3.tgz#8e1d37a5d7c9c6e463bc46be02194750a1dc7522"
  integrity sha512-nSMMp2AKqcG/ruzCY01ogrMdbq/WS1cvGStTsw7yd6bTpp/bGtlOgXvy3h7e0zP7w2DH1AtvIwzYBD6ejZePsQ==
  dependencies:
    "@smithy/middleware-stack" "^2.0.0"
    "@smithy/types" "^2.3.0"
    "@smithy/util-stream" "^2.0.9"
    tslib "^2.5.0"

"@smithy/types@^2.2.2", "@smithy/types@^2.3.0":
  version "2.3.0"
  resolved "https://registry.yarnpkg.com/@smithy/types/-/types-2.3.0.tgz#a5c3869465f384fd4d811b2f1f37779e069ef06e"
  integrity sha512-pJce3rd39MElkV57UTPAoSYAApjQLELUxjU5adHNLYk9gnPvyIGbJNJTZVVFu00BrgZH3W/cQe8QuFcknDyodQ==
  dependencies:
    tslib "^2.5.0"

"@smithy/url-parser@^2.0.5", "@smithy/url-parser@^2.0.6":
  version "2.0.6"
  resolved "https://registry.yarnpkg.com/@smithy/url-parser/-/url-parser-2.0.6.tgz#e926d1bcbe4bb0e244ed25ea58bc48ac5ae41436"
  integrity sha512-9i6j5QW6bapHZ4rtkXOAm0hOUG1+5IVdVJXNSUTcNskwJchZH5IQuDNPCbgUi/u2P8EZazKt4wXT51QxOXCz1A==
  dependencies:
    "@smithy/querystring-parser" "^2.0.6"
    "@smithy/types" "^2.3.0"
    tslib "^2.5.0"

"@smithy/util-base64@^2.0.0":
  version "2.0.0"
  resolved "https://registry.yarnpkg.com/@smithy/util-base64/-/util-base64-2.0.0.tgz#1beeabfb155471d1d41c8d0603be1351f883c444"
  integrity sha512-Zb1E4xx+m5Lud8bbeYi5FkcMJMnn+1WUnJF3qD7rAdXpaL7UjkFQLdmW5fHadoKbdHpwH9vSR8EyTJFHJs++tA==
  dependencies:
    "@smithy/util-buffer-from" "^2.0.0"
    tslib "^2.5.0"

"@smithy/util-body-length-browser@^2.0.0":
  version "2.0.0"
  resolved "https://registry.yarnpkg.com/@smithy/util-body-length-browser/-/util-body-length-browser-2.0.0.tgz#5447853003b4c73da3bc5f3c5e82c21d592d1650"
  integrity sha512-JdDuS4ircJt+FDnaQj88TzZY3+njZ6O+D3uakS32f2VNnDo3vyEuNdBOh/oFd8Df1zSZOuH1HEChk2AOYDezZg==
  dependencies:
    tslib "^2.5.0"

"@smithy/util-body-length-node@^2.1.0":
  version "2.1.0"
  resolved "https://registry.yarnpkg.com/@smithy/util-body-length-node/-/util-body-length-node-2.1.0.tgz#313a5f7c5017947baf5fa018bfc22628904bbcfa"
  integrity sha512-/li0/kj/y3fQ3vyzn36NTLGmUwAICb7Jbe/CsWCktW363gh1MOcpEcSO3mJ344Gv2dqz8YJCLQpb6hju/0qOWw==
  dependencies:
    tslib "^2.5.0"

"@smithy/util-buffer-from@^2.0.0":
  version "2.0.0"
  resolved "https://registry.yarnpkg.com/@smithy/util-buffer-from/-/util-buffer-from-2.0.0.tgz#7eb75d72288b6b3001bc5f75b48b711513091deb"
  integrity sha512-/YNnLoHsR+4W4Vf2wL5lGv0ksg8Bmk3GEGxn2vEQt52AQaPSCuaO5PM5VM7lP1K9qHRKHwrPGktqVoAHKWHxzw==
  dependencies:
    "@smithy/is-array-buffer" "^2.0.0"
    tslib "^2.5.0"

"@smithy/util-config-provider@^2.0.0":
  version "2.0.0"
  resolved "https://registry.yarnpkg.com/@smithy/util-config-provider/-/util-config-provider-2.0.0.tgz#4dd6a793605559d94267312fd06d0f58784b4c38"
  integrity sha512-xCQ6UapcIWKxXHEU4Mcs2s7LcFQRiU3XEluM2WcCjjBtQkUN71Tb+ydGmJFPxMUrW/GWMgQEEGipLym4XG0jZg==
  dependencies:
    tslib "^2.5.0"

"@smithy/util-defaults-mode-browser@^2.0.6":
  version "2.0.7"
  resolved "https://registry.yarnpkg.com/@smithy/util-defaults-mode-browser/-/util-defaults-mode-browser-2.0.7.tgz#322822e064450ec59e3ae288f3f2eed0a5acbfb1"
  integrity sha512-s1caKxC7Y87Q72Goll//clZs2WNBfG9WtFDWVRS+Qgk147YPCOUYtkpuD0XZAh/vbayObFz5tQ1fiX4G19HSCA==
  dependencies:
    "@smithy/property-provider" "^2.0.7"
    "@smithy/types" "^2.3.0"
    bowser "^2.11.0"
    tslib "^2.5.0"

"@smithy/util-defaults-mode-node@^2.0.6":
  version "2.0.9"
  resolved "https://registry.yarnpkg.com/@smithy/util-defaults-mode-node/-/util-defaults-mode-node-2.0.9.tgz#0d3acadbbb54c0c401089fc22576aafd52d130e9"
  integrity sha512-HlV4iNL3/PgPpmDGs0+XrAKtwFQ8rOs5P2y5Dye8dUYaJauadlzHRrNKk7wH2aBYswvT2HM+PIgXamvrE7xbcw==
  dependencies:
    "@smithy/config-resolver" "^2.0.7"
    "@smithy/credential-provider-imds" "^2.0.9"
    "@smithy/node-config-provider" "^2.0.9"
    "@smithy/property-provider" "^2.0.7"
    "@smithy/types" "^2.3.0"
    tslib "^2.5.0"

"@smithy/util-hex-encoding@^2.0.0":
  version "2.0.0"
  resolved "https://registry.yarnpkg.com/@smithy/util-hex-encoding/-/util-hex-encoding-2.0.0.tgz#0aa3515acd2b005c6d55675e377080a7c513b59e"
  integrity sha512-c5xY+NUnFqG6d7HFh1IFfrm3mGl29lC+vF+geHv4ToiuJCBmIfzx6IeHLg+OgRdPFKDXIw6pvi+p3CsscaMcMA==
  dependencies:
    tslib "^2.5.0"

"@smithy/util-middleware@^2.0.0":
  version "2.0.0"
  resolved "https://registry.yarnpkg.com/@smithy/util-middleware/-/util-middleware-2.0.0.tgz#706681d4a1686544a2275f68266304233f372c99"
  integrity sha512-eCWX4ECuDHn1wuyyDdGdUWnT4OGyIzV0LN1xRttBFMPI9Ff/4heSHVxneyiMtOB//zpXWCha1/SWHJOZstG7kA==
  dependencies:
    tslib "^2.5.0"

"@smithy/util-retry@^2.0.0":
  version "2.0.0"
  resolved "https://registry.yarnpkg.com/@smithy/util-retry/-/util-retry-2.0.0.tgz#7ac5d5f12383a9d9b2a43f9ff25f3866c8727c24"
  integrity sha512-/dvJ8afrElasuiiIttRJeoS2sy8YXpksQwiM/TcepqdRVp7u4ejd9C4IQURHNjlfPUT7Y6lCDSa2zQJbdHhVTg==
  dependencies:
    "@smithy/service-error-classification" "^2.0.0"
    tslib "^2.5.0"

"@smithy/util-stream@^2.0.9":
  version "2.0.9"
  resolved "https://registry.yarnpkg.com/@smithy/util-stream/-/util-stream-2.0.9.tgz#50ff280b754a1d11e2b16ffe9fc87f6736a9c0b7"
  integrity sha512-Fn2/3IMwqu0l2hOC7K3bbtSqFEJ6nOzMLoPVIhuH84yw/95itNkFBwVbIIiAfDaout0ZfZ26+5ch86E2q3avww==
  dependencies:
    "@smithy/fetch-http-handler" "^2.1.2"
    "@smithy/node-http-handler" "^2.1.2"
    "@smithy/types" "^2.3.0"
    "@smithy/util-base64" "^2.0.0"
    "@smithy/util-buffer-from" "^2.0.0"
    "@smithy/util-hex-encoding" "^2.0.0"
    "@smithy/util-utf8" "^2.0.0"
    tslib "^2.5.0"

"@smithy/util-uri-escape@^2.0.0":
  version "2.0.0"
  resolved "https://registry.yarnpkg.com/@smithy/util-uri-escape/-/util-uri-escape-2.0.0.tgz#19955b1a0f517a87ae77ac729e0e411963dfda95"
  integrity sha512-ebkxsqinSdEooQduuk9CbKcI+wheijxEb3utGXkCoYQkJnwTnLbH1JXGimJtUkQwNQbsbuYwG2+aFVyZf5TLaw==
  dependencies:
    tslib "^2.5.0"

"@smithy/util-utf8@^2.0.0":
  version "2.0.0"
  resolved "https://registry.yarnpkg.com/@smithy/util-utf8/-/util-utf8-2.0.0.tgz#b4da87566ea7757435e153799df9da717262ad42"
  integrity sha512-rctU1VkziY84n5OXe3bPNpKR001ZCME2JCaBBFgtiM2hfKbHFudc/BkMuPab8hRbLd0j3vbnBTTZ1igBf0wgiQ==
  dependencies:
    "@smithy/util-buffer-from" "^2.0.0"
    tslib "^2.5.0"

bowser@^2.11.0:
  version "2.11.0"
  resolved "https://registry.yarnpkg.com/bowser/-/bowser-2.11.0.tgz#5ca3c35757a7aa5771500c70a73a9f91ef420a8f"
  integrity sha512-AlcaJBi/pqqJBIQ8U9Mcpc9i8Aqxn88Skv5d+xBX006BY5u8N3mGLHa5Lgppa7L/HfwgwLgZ6NYs+Ag6uUmJRA==

exponential-backoff@^3.1.1:
  version "3.1.1"
  resolved "https://registry.yarnpkg.com/exponential-backoff/-/exponential-backoff-3.1.1.tgz#64ac7526fe341ab18a39016cd22c787d01e00bf6"
  integrity sha512-dX7e/LHVJ6W3DE1MHWi9S1EYzDESENfLrYohG2G++ovZrYOkm4Knwa0mc1cn84xJOR4KEU0WSchhLbd0UklbHw==

fast-xml-parser@4.2.5:
  version "4.2.5"
  resolved "https://registry.yarnpkg.com/fast-xml-parser/-/fast-xml-parser-4.2.5.tgz#a6747a09296a6cb34f2ae634019bf1738f3b421f"
  integrity sha512-B9/wizE4WngqQftFPmdaMYlXoJlJOYxGQOanC77fq9k8+Z0v5dDSVh+3glErdIROP//s/jgb7ZuxKfB8nVyo0g==
  dependencies:
    strnum "^1.0.5"

strnum@^1.0.5:
  version "1.0.5"
  resolved "https://registry.yarnpkg.com/strnum/-/strnum-1.0.5.tgz#5c4e829fe15ad4ff0d20c3db5ac97b73c9b072db"
  integrity sha512-J8bbNyKKXl5qYcR36TIO8W3mVGVHrmmxsd5PAItGkmyzwJvybiw2IVq5nqd0i4LSNSkB/sx9VHllbfFdr9k1JA==

tslib@^1.11.1:
  version "1.14.1"
  resolved "https://registry.yarnpkg.com/tslib/-/tslib-1.14.1.tgz#cf2d38bdc34a134bcaf1091c41f6619e2f672d00"
  integrity sha512-Xni35NKzjgMrwevysHTCArtLDpPvye8zV/0E4EyYn43P7/7qvQwPh9BGkHewbMulVntbigmcT7rdX3BNo9wRJg==

tslib@^2.3.1, tslib@^2.5.0:
  version "2.6.2"
  resolved "https://registry.yarnpkg.com/tslib/-/tslib-2.6.2.tgz#703ac29425e7b37cd6fd456e92404d46d1f3e4ae"
  integrity sha512-AEYxH93jGFPn/a2iVAwW87VuUIkR1FVUKB77NwMF7nBTDkDrrT/Hpt/IrCJ0QXhW27jTBDcf5ZY7w6RiqTMw2Q==

uuid@^8.3.2:
  version "8.3.2"
  resolved "https://registry.yarnpkg.com/uuid/-/uuid-8.3.2.tgz#80d5b5ced271bb9af6c445f21a1a04c606cefbe2"
  integrity sha512-+NYs2QeMWy+GWFOEm9xnn6HCDp0l7QBD7ml8zLUmJ+93Q5NF0NocErnwkTkXVFNiX3/fpC6afS8Dhb/gz7R7eg==
