# THIS IS AN AUTOGENERATED FILE. DO NOT EDIT THIS FILE DIRECTLY.
# yarn lockfile v1


"@clickhouse/client@^0.1.1":
  version "0.1.1"
  resolved "https://registry.yarnpkg.com/@clickhouse/client/-/client-0.1.1.tgz#1a848438baf5deefadf7dcee40ad441c8666c398"
  integrity sha512-oeALCAjNFEXHPxMHJgj0QERiLM2ZknOOavvHB1mxmztZLhTuj86HaQEfh9q8x7LgKnv3jep7lb/fhFgD71WTjA==
  dependencies:
    uuid "^9.0.0"

uuid@^9.0.0:
  version "9.0.0"
  resolved "https://registry.yarnpkg.com/uuid/-/uuid-9.0.0.tgz#592f550650024a38ceb0c562f2f6aa435761efb5"
  integrity sha512-MXcSTerfPa4uqyzStbRoTgt5XIe3x5+42+q1sDuy3R5MDk66URdLMOZe5aPX/SQd+kuYAh0FdP/pO28IkQyTeg==
